
Microsoft Visual Studio Solution File, Format Version 12.00
# Visual Studio Version 16
VisualStudioVersion = 16.0.32002.261
MinimumVisualStudioVersion = 10.0.40219.1
Project("{FAE04EC0-301F-11D3-BF4B-00C04F79EFBC}") = "ProjectMonitorAPI", "ProjectMonitorAPI\ProjectMonitorAPI.csproj", "{28FD24C9-7DAE-4098-AF4E-74F3E2CE754B}"
EndProject
Global
	GlobalSection(SolutionConfigurationPlatforms) = preSolution
		Debug|Any CPU = Debug|Any CPU
		Release|Any CPU = Release|Any CPU
	EndGlobalSection
	GlobalSection(ProjectConfigurationPlatforms) = postSolution
		{28FD24C9-7DAE-4098-AF4E-74F3E2CE754B}.Debug|Any CPU.ActiveCfg = Debug|Any CPU
		{28FD24C9-7DAE-4098-AF4E-74F3E2CE754B}.Debug|Any CPU.Build.0 = Debug|Any CPU
		{28FD24C9-7DAE-4098-AF4E-74F3E2CE754B}.Release|Any CPU.ActiveCfg = Release|Any CPU
		{28FD24C9-7DAE-4098-AF4E-74F3E2CE754B}.Release|Any CPU.Build.0 = Release|Any CPU
	EndGlobalSection
	GlobalSection(SolutionProperties) = preSolution
		HideSolutionNode = FALSE
	EndGlobalSection
	GlobalSection(ExtensibilityGlobals) = postSolution
		SolutionGuid = {9C17AB29-310A-4402-8162-F6038A9962FC}
	EndGlobalSection
EndGlobal
